
Microsoft Visual Studio Solution File, Format Version 12.00
# Visual Studio 15
VisualStudioVersion = 15.0.27004.2006
MinimumVisualStudioVersion = 10.0.40219.1
Project("{FAE04EC0-301F-11D3-BF4B-00C04F79EFBC}") = "AI", "AI\AI.csproj", "{8A389442-C31F-4F21-AC63-56236F82C408}"
EndProject
Project("{2150E333-8FDC-42A3-9474-1A3956D46DE8}") = "Solution Items", "Solution Items", "{253B8F6F-01CD-4B46-A3CD-5777A0F6DAD3}"
EndProject
Global
	GlobalSection(SolutionConfigurationPlatforms) = preSolution
		Debug|Any CPU = Debug|Any CPU
		Release|Any CPU = Release|Any CPU
	EndGlobalSection
	GlobalSection(ProjectConfigurationPlatforms) = postSolution
		{8A389442-C31F-4F21-AC63-56236F82C408}.Debug|Any CPU.ActiveCfg = Debug|Any CPU
		{8A389442-C31F-4F21-AC63-56236F82C408}.Debug|Any CPU.Build.0 = Debug|Any CPU
		{8A389442-C31F-4F21-AC63-56236F82C408}.Release|Any CPU.ActiveCfg = Release|Any CPU
		{8A389442-C31F-4F21-AC63-56236F82C408}.Release|Any CPU.Build.0 = Release|Any CPU
	EndGlobalSection
	GlobalSection(SolutionProperties) = preSolution
		HideSolutionNode = FALSE
	EndGlobalSection
	GlobalSection(ExtensibilityGlobals) = postSolution
		SolutionGuid = {42B1CDA2-62CF-49B7-8EC1-E31DB0BD840B}
	EndGlobalSection
EndGlobal
